
Microsoft Visual Studio Solution File, Format Version 12.00
# Visual Studio Version 17
VisualStudioVersion = 17.4.33213.308
MinimumVisualStudioVersion = 10.0.40219.1
Project("{FAE04EC0-301F-11D3-BF4B-00C04F79EFBC}") = "module1pr", "module1pr.csproj", "{85262CF1-41D2-4FA2-91C9-6883FB1E0DCD}"
EndProject
Global
	GlobalSection(SolutionConfigurationPlatforms) = preSolution
		Debug|Any CPU = Debug|Any CPU
		Release|Any CPU = Release|Any CPU
	EndGlobalSection
	GlobalSection(ProjectConfigurationPlatforms) = postSolution
		{85262CF1-41D2-4FA2-91C9-6883FB1E0DCD}.Debug|Any CPU.ActiveCfg = Debug|Any CPU
		{85262CF1-41D2-4FA2-91C9-6883FB1E0DCD}.Debug|Any CPU.Build.0 = Debug|Any CPU
		{85262CF1-41D2-4FA2-91C9-6883FB1E0DCD}.Release|Any CPU.ActiveCfg = Release|Any CPU
		{85262CF1-41D2-4FA2-91C9-6883FB1E0DCD}.Release|Any CPU.Build.0 = Release|Any CPU
	EndGlobalSection
	GlobalSection(SolutionProperties) = preSolution
		HideSolutionNode = FALSE
	EndGlobalSection
	GlobalSection(ExtensibilityGlobals) = postSolution
		SolutionGuid = {1F242D2E-FB3D-4240-BA0B-46EC9E33FABF}
	EndGlobalSection
EndGlobal
